
Microsoft Visual Studio Solution File, Format Version 12.00
# Visual Studio Version 17
VisualStudioVersion = 17.7.34003.232
MinimumVisualStudioVersion = 10.0.40219.1
Project("{FAE04EC0-301F-11D3-BF4B-00C04F79EFBC}") = "MauiAppCrud", "MauiAppCrud\MauiAppCrud.csproj", "{82CF5221-026E-4364-AA88-8FA745DB2CE1}"
EndProject
Global
	GlobalSection(SolutionConfigurationPlatforms) = preSolution
		Debug|Any CPU = Debug|Any CPU
		Release|Any CPU = Release|Any CPU
	EndGlobalSection
	GlobalSection(ProjectConfigurationPlatforms) = postSolution
		{82CF5221-026E-4364-AA88-8FA745DB2CE1}.Debug|Any CPU.ActiveCfg = Debug|Any CPU
		{82CF5221-026E-4364-AA88-8FA745DB2CE1}.Debug|Any CPU.Build.0 = Debug|Any CPU
		{82CF5221-026E-4364-AA88-8FA745DB2CE1}.Debug|Any CPU.Deploy.0 = Debug|Any CPU
		{82CF5221-026E-4364-AA88-8FA745DB2CE1}.Release|Any CPU.ActiveCfg = Release|Any CPU
		{82CF5221-026E-4364-AA88-8FA745DB2CE1}.Release|Any CPU.Build.0 = Release|Any CPU
		{82CF5221-026E-4364-AA88-8FA745DB2CE1}.Release|Any CPU.Deploy.0 = Release|Any CPU
	EndGlobalSection
	GlobalSection(SolutionProperties) = preSolution
		HideSolutionNode = FALSE
	EndGlobalSection
	GlobalSection(ExtensibilityGlobals) = postSolution
		SolutionGuid = {04A49A00-3BB1-481D-831F-9E099B73F909}
	EndGlobalSection
EndGlobal
